
Microsoft Visual Studio Solution File, Format Version 12.00
# Visual Studio 15
VisualStudioVersion = 15.0.28010.2046
MinimumVisualStudioVersion = 10.0.40219.1
Project("{9A19103F-16F7-4668-BE54-9A1E7A4F7556}") = "Minefield.App", "Minefield.App\Minefield.App.csproj", "{FD4DC612-18D9-4373-9487-A4EC1BEFDCF8}"
EndProject
Project("{FAE04EC0-301F-11D3-BF4B-00C04F79EFBC}") = "Minefield.Tests", "Minefield.Tests\Minefield.Tests.csproj", "{96D5E88A-B539-4372-80BC-22D22ADDEDD7}"
EndProject
Global
	GlobalSection(SolutionConfigurationPlatforms) = preSolution
		Debug|Any CPU = Debug|Any CPU
		Release|Any CPU = Release|Any CPU
	EndGlobalSection
	GlobalSection(ProjectConfigurationPlatforms) = postSolution
		{FD4DC612-18D9-4373-9487-A4EC1BEFDCF8}.Debug|Any CPU.ActiveCfg = Debug|Any CPU
		{FD4DC612-18D9-4373-9487-A4EC1BEFDCF8}.Debug|Any CPU.Build.0 = Debug|Any CPU
		{FD4DC612-18D9-4373-9487-A4EC1BEFDCF8}.Release|Any CPU.ActiveCfg = Release|Any CPU
		{FD4DC612-18D9-4373-9487-A4EC1BEFDCF8}.Release|Any CPU.Build.0 = Release|Any CPU
		{96D5E88A-B539-4372-80BC-22D22ADDEDD7}.Debug|Any CPU.ActiveCfg = Debug|Any CPU
		{96D5E88A-B539-4372-80BC-22D22ADDEDD7}.Debug|Any CPU.Build.0 = Debug|Any CPU
		{96D5E88A-B539-4372-80BC-22D22ADDEDD7}.Release|Any CPU.ActiveCfg = Release|Any CPU
		{96D5E88A-B539-4372-80BC-22D22ADDEDD7}.Release|Any CPU.Build.0 = Release|Any CPU
	EndGlobalSection
	GlobalSection(SolutionProperties) = preSolution
		HideSolutionNode = FALSE
	EndGlobalSection
	GlobalSection(ExtensibilityGlobals) = postSolution
		SolutionGuid = {F67A5AD4-2924-4244-A996-BFD3A998389F}
	EndGlobalSection
EndGlobal
